// !$*UTF8*$!
{
	archiveVersion = 1;
	classes = {
	};
	objectVersion = 50;
	objects = {

/* Begin PBXBuildFile section */
		8BC74BC821C618B90091F2DC /* AppDelegate.swift in Sources */ = {isa = PBXBuildFile; fileRef = 8BC74BC721C618B90091F2DC /* AppDelegate.swift */; };
		8BC74BCA21C618B90091F2DC /* ViewController.swift in Sources */ = {isa = PBXBuildFile; fileRef = 8BC74BC921C618B90091F2DC /* ViewController.swift */; };
		8BC74BCD21C618B90091F2DC /* Main.storyboard in Resources */ = {isa = PBXBuildFile; fileRef = 8BC74BCB21C618B90091F2DC /* Main.storyboard */; };
		8BC74BCF21C618BC0091F2DC /* Assets.xcassets in Resources */ = {isa = PBXBuildFile; fileRef = 8BC74BCE21C618BC0091F2DC /* Assets.xcassets */; };
		8BC74BD221C618BC0091F2DC /* LaunchScreen.storyboard in Resources */ = {isa = PBXBuildFile; fileRef = 8BC74BD021C618BC0091F2DC /* LaunchScreen.storyboard */; };
		8BC74BDA21C61FC30091F2DC /* TableViewCell.swift in Sources */ = {isa = PBXBuildFile; fileRef = 8BC74BD921C61FC30091F2DC /* TableViewCell.swift */; };
		8BC74BDE21C6221C0091F2DC /* UiTableViewCellExtension.swift in Sources */ = {isa = PBXBuildFile; fileRef = 8BC74BDD21C6221C0091F2DC /* UiTableViewCellExtension.swift */; };
		8BC74BE121C6237D0091F2DC /* AddToDoViewController.swift in Sources */ = {isa = PBXBuildFile; fileRef = 8BC74BE021C6237D0091F2DC /* AddToDoViewController.swift */; };
		8BC74BE621C633AD0091F2DC /* Todos.xcdatamodeld in Sources */ = {isa = PBXBuildFile; fileRef = 8BC74BE421C633AD0091F2DC /* Todos.xcdatamodeld */; };
		8BC74BE821C635640091F2DC /* CoreDataStack.swift in Sources */ = {isa = PBXBuildFile; fileRef = 8BC74BE721C635640091F2DC /* CoreDataStack.swift */; };
/* End PBXBuildFile section */

/* Begin PBXFileReference section */
		8BC74BC421C618B90091F2DC /* Advance Core Data.app */ = {isa = PBXFileReference; explicitFileType = wrapper.application; includeInIndex = 0; path = "Advance Core Data.app"; sourceTree = BUILT_PRODUCTS_DIR; };
		8BC74BC721C618B90091F2DC /* AppDelegate.swift */ = {isa = PBXFileReference; lastKnownFileType = sourcecode.swift; path = AppDelegate.swift; sourceTree = "<group>"; };
		8BC74BC921C618B90091F2DC /* ViewController.swift */ = {isa = PBXFileReference; lastKnownFileType = sourcecode.swift; path = ViewController.swift; sourceTree = "<group>"; };
		8BC74BCC21C618B90091F2DC /* Base */ = {isa = PBXFileReference; lastKnownFileType = file.storyboard; name = Base; path = Base.lproj/Main.storyboard; sourceTree = "<group>"; };
		8BC74BCE21C618BC0091F2DC /* Assets.xcassets */ = {isa = PBXFileReference; lastKnownFileType = folder.assetcatalog; path = Assets.xcassets; sourceTree = "<group>"; };
		8BC74BD121C618BC0091F2DC /* Base */ = {isa = PBXFileReference; lastKnownFileType = file.storyboard; name = Base; path = Base.lproj/LaunchScreen.storyboard; sourceTree = "<group>"; };
		8BC74BD321C618BC0091F2DC /* Info.plist */ = {isa = PBXFileReference; lastKnownFileType = text.plist.xml; path = Info.plist; sourceTree = "<group>"; };
		8BC74BD921C61FC30091F2DC /* TableViewCell.swift */ = {isa = PBXFileReference; lastKnownFileType = sourcecode.swift; path = TableViewCell.swift; sourceTree = "<group>"; };
		8BC74BDD21C6221C0091F2DC /* UiTableViewCellExtension.swift */ = {isa = PBXFileReference; lastKnownFileType = sourcecode.swift; path = UiTableViewCellExtension.swift; sourceTree = "<group>"; };
		8BC74BE021C6237D0091F2DC /* AddToDoViewController.swift */ = {isa = PBXFileReference; lastKnownFileType = sourcecode.swift; path = AddToDoViewController.swift; sourceTree = "<group>"; };
		8BC74BE521C633AD0091F2DC /* Todos.xcdatamodel */ = {isa = PBXFileReference; lastKnownFileType = wrapper.xcdatamodel; path = Todos.xcdatamodel; sourceTree = "<group>"; };
		8BC74BE721C635640091F2DC /* CoreDataStack.swift */ = {isa = PBXFileReference; lastKnownFileType = sourcecode.swift; path = CoreDataStack.swift; sourceTree = "<group>"; };
/* End PBXFileReference section */

/* Begin PBXFrameworksBuildPhase section */
		8BC74BC121C618B90091F2DC /* Frameworks */ = {
			isa = PBXFrameworksBuildPhase;
			buildActionMask = 2147483647;
			files = (
			);
			runOnlyForDeploymentPostprocessing = 0;
		};
/* End PBXFrameworksBuildPhase section */

/* Begin PBXGroup section */
		8BC74BBB21C618B90091F2DC = {
			isa = PBXGroup;
			children = (
				8BC74BC621C618B90091F2DC /* Advance Core Data */,
				8BC74BC521C618B90091F2DC /* Products */,
			);
			sourceTree = "<group>";
		};
		8BC74BC521C618B90091F2DC /* Products */ = {
			isa = PBXGroup;
			children = (
				8BC74BC421C618B90091F2DC /* Advance Core Data.app */,
			);
			name = Products;
			sourceTree = "<group>";
		};
		8BC74BC621C618B90091F2DC /* Advance Core Data */ = {
			isa = PBXGroup;
			children = (
				8BC74BE321C633950091F2DC /* Core Data */,
				8BC74BDF21C6235B0091F2DC /* VC */,
				8BC74BD921C61FC30091F2DC /* TableViewCell.swift */,
				8BC74BE221C632C60091F2DC /* Supporting Files */,
				8BC74BD321C618BC0091F2DC /* Info.plist */,
			);
			path = "Advance Core Data";
			sourceTree = "<group>";
		};
		8BC74BDF21C6235B0091F2DC /* VC */ = {
			isa = PBXGroup;
			children = (
				8BC74BE021C6237D0091F2DC /* AddToDoViewController.swift */,
				8BC74BC921C618B90091F2DC /* ViewController.swift */,
			);
			path = VC;
			sourceTree = "<group>";
		};
		8BC74BE221C632C60091F2DC /* Supporting Files */ = {
			isa = PBXGroup;
			children = (
				8BC74BDD21C6221C0091F2DC /* UiTableViewCellExtension.swift */,
				8BC74BCB21C618B90091F2DC /* Main.storyboard */,
				8BC74BC721C618B90091F2DC /* AppDelegate.swift */,
				8BC74BCE21C618BC0091F2DC /* Assets.xcassets */,
				8BC74BD021C618BC0091F2DC /* LaunchScreen.storyboard */,
			);
			path = "Supporting Files";
			sourceTree = "<group>";
		};
		8BC74BE321C633950091F2DC /* Core Data */ = {
			isa = PBXGroup;
			children = (
				8BC74BE421C633AD0091F2DC /* Todos.xcdatamodeld */,
				8BC74BE721C635640091F2DC /* CoreDataStack.swift */,
			);
			path = "Core Data";
			sourceTree = "<group>";
		};
/* End PBXGroup section */

/* Begin PBXNativeTarget section */
		8BC74BC321C618B90091F2DC /* Advance Core Data */ = {
			isa = PBXNativeTarget;
			buildConfigurationList = 8BC74BD621C618BC0091F2DC /* Build configuration list for PBXNativeTarget "Advance Core Data" */;
			buildPhases = (
				8BC74BC021C618B90091F2DC /* Sources */,
				8BC74BC121C618B90091F2DC /* Frameworks */,
				8BC74BC221C618B90091F2DC /* Resources */,
			);
			buildRules = (
			);
			dependencies = (
			);
			name = "Advance Core Data";
			productName = "Advance Core Data";
			productReference = 8BC74BC421C618B90091F2DC /* Advance Core Data.app */;
			productType = "com.apple.product-type.application";
		};
/* End PBXNativeTarget section */

/* Begin PBXProject section */
		8BC74BBC21C618B90091F2DC /* Project object */ = {
			isa = PBXProject;
			attributes = {
				LastSwiftUpdateCheck = 1010;
				LastUpgradeCheck = 1010;
				ORGANIZATIONNAME = "Dhawal Mahajan";
				TargetAttributes = {
					8BC74BC321C618B90091F2DC = {
						CreatedOnToolsVersion = 10.1;
					};
				};
			};
			buildConfigurationList = 8BC74BBF21C618B90091F2DC /* Build configuration list for PBXProject "Advance Core Data" */;
			compatibilityVersion = "Xcode 9.3";
			developmentRegion = en;
			hasScannedForEncodings = 0;
			knownRegions = (
				en,
				Base,
			);
			mainGroup = 8BC74BBB21C618B90091F2DC;
			productRefGroup = 8BC74BC521C618B90091F2DC /* Products */;
			projectDirPath = "";
			projectRoot = "";
			targets = (
				8BC74BC321C618B90091F2DC /* Advance Core Data */,
			);
		};
/* End PBXProject section */

/* Begin PBXResourcesBuildPhase section */
		8BC74BC221C618B90091F2DC /* Resources */ = {
			isa = PBXResourcesBuildPhase;
			buildActionMask = 2147483647;
			files = (
				8BC74BD221C618BC0091F2DC /* LaunchScreen.storyboard in Resources */,
				8BC74BCF21C618BC0091F2DC /* Assets.xcassets in Resources */,
				8BC74BCD21C618B90091F2DC /* Main.storyboard in Resources */,
			);
			runOnlyForDeploymentPostprocessing = 0;
		};
/* End PBXResourcesBuildPhase section */

/* Begin PBXSourcesBuildPhase section */
		8BC74BC021C618B90091F2DC /* Sources */ = {
			isa = PBXSourcesBuildPhase;
			buildActionMask = 2147483647;
			files = (
				8BC74BE821C635640091F2DC /* CoreDataStack.swift in Sources */,
				8BC74BDA21C61FC30091F2DC /* TableViewCell.swift in Sources */,
				8BC74BE621C633AD0091F2DC /* Todos.xcdatamodeld in Sources */,
				8BC74BCA21C618B90091F2DC /* ViewController.swift in Sources */,
				8BC74BE121C6237D0091F2DC /* AddToDoViewController.swift in Sources */,
				8BC74BC821C618B90091F2DC /* AppDelegate.swift in Sources */,
				8BC74BDE21C6221C0091F2DC /* UiTableViewCellExtension.swift in Sources */,
			);
			runOnlyForDeploymentPostprocessing = 0;
		};
/* End PBXSourcesBuildPhase section */

/* Begin PBXVariantGroup section */
		8BC74BCB21C618B90091F2DC /* Main.storyboard */ = {
			isa = PBXVariantGroup;
			children = (
				8BC74BCC21C618B90091F2DC /* Base */,
			);
			name = Main.storyboard;
			sourceTree = "<group>";
		};
		8BC74BD021C618BC0091F2DC /* LaunchScreen.storyboard */ = {
			isa = PBXVariantGroup;
			children = (
				8BC74BD121C618BC0091F2DC /* Base */,
			);
			name = LaunchScreen.storyboard;
			sourceTree = "<group>";
		};
/* End PBXVariantGroup section */

/* Begin XCBuildConfiguration section */
		8BC74BD421C618BC0091F2DC /* Debug */ = {
			isa = XCBuildConfiguration;
			buildSettings = {
				ALWAYS_SEARCH_USER_PATHS = NO;
				CLANG_ANALYZER_NONNULL = YES;
				CLANG_ANALYZER_NUMBER_OBJECT_CONVERSION = YES_AGGRESSIVE;
				CLANG_CXX_LANGUAGE_STANDARD = "gnu++14";
				CLANG_CXX_LIBRARY = "libc++";
				CLANG_ENABLE_MODULES = YES;
				CLANG_ENABLE_OBJC_ARC = YES;
				CLANG_ENABLE_OBJC_WEAK = YES;
				CLANG_WARN_BLOCK_CAPTURE_AUTORELEASING = YES;
				CLANG_WARN_BOOL_CONVERSION = YES;
				CLANG_WARN_COMMA = YES;
				CLANG_WARN_CONSTANT_CONVERSION = YES;
				CLANG_WARN_DEPRECATED_OBJC_IMPLEMENTATIONS = YES;
				CLANG_WARN_DIRECT_OBJC_ISA_USAGE = YES_ERROR;
				CLANG_WARN_DOCUMENTATION_COMMENTS = YES;
				CLANG_WARN_EMPTY_BODY = YES;
				CLANG_WARN_ENUM_CONVERSION = YES;
				CLANG_WARN_INFINITE_RECURSION = YES;
				CLANG_WARN_INT_CONVERSION = YES;
				CLANG_WARN_NON_LITERAL_NULL_CONVERSION = YES;
				CLANG_WARN_OBJC_IMPLICIT_RETAIN_SELF = YES;
				CLANG_WARN_OBJC_LITERAL_CONVERSION = YES;
				CLANG_WARN_OBJC_ROOT_CLASS = YES_ERROR;
				CLANG_WARN_RANGE_LOOP_ANALYSIS = YES;
				CLANG_WARN_STRICT_PROTOTYPES = YES;
				CLANG_WARN_SUSPICIOUS_MOVE = YES;
				CLANG_WARN_UNGUARDED_AVAILABILITY = YES_AGGRESSIVE;
				CLANG_WARN_UNREACHABLE_CODE = YES;
				CLANG_WARN__DUPLICATE_METHOD_MATCH = YES;
				CODE_SIGN_IDENTITY = "iPhone Developer";
				COPY_PHASE_STRIP = NO;
				DEBUG_INFORMATION_FORMAT = dwarf;
				ENABLE_STRICT_OBJC_MSGSEND = YES;
				ENABLE_TESTABILITY = YES;
				GCC_C_LANGUAGE_STANDARD = gnu11;
				GCC_DYNAMIC_NO_PIC = NO;
				GCC_NO_COMMON_BLOCKS = YES;
				GCC_OPTIMIZATION_LEVEL = 0;
				GCC_PREPROCESSOR_DEFINITIONS = (
					"DEBUG=1",
					"$(inherited)",
				);
				GCC_WARN_64_TO_32_BIT_CONVERSION = YES;
				GCC_WARN_ABOUT_RETURN_TYPE = YES_ERROR;
				GCC_WARN_UNDECLARED_SELECTOR = YES;
				GCC_WARN_UNINITIALIZED_AUTOS = YES_AGGRESSIVE;
				GCC_WARN_UNUSED_FUNCTION = YES;
				GCC_WARN_UNUSED_VARIABLE = YES;
				IPHONEOS_DEPLOYMENT_TARGET = 12.1;
				MTL_ENABLE_DEBUG_INFO = INCLUDE_SOURCE;
				MTL_FAST_MATH = YES;
				ONLY_ACTIVE_ARCH = YES;
				SDKROOT = iphoneos;
				SWIFT_ACTIVE_COMPILATION_CONDITIONS = DEBUG;
				SWIFT_OPTIMIZATION_LEVEL = "-Onone";
			};
			name = Debug;
		};
		8BC74BD521C618BC0091F2DC /* Release */ = {
			isa = XCBuildConfiguration;
			buildSettings = {
				ALWAYS_SEARCH_USER_PATHS = NO;
				CLANG_ANALYZER_NONNULL = YES;
				CLANG_ANALYZER_NUMBER_OBJECT_CONVERSION = YES_AGGRESSIVE;
				CLANG_CXX_LANGUAGE_STANDARD = "gnu++14";
				CLANG_CXX_LIBRARY = "libc++";
				CLANG_ENABLE_MODULES = YES;
				CLANG_ENABLE_OBJC_ARC = YES;
				CLANG_ENABLE_OBJC_WEAK = YES;
				CLANG_WARN_BLOCK_CAPTURE_AUTORELEASING = YES;
				CLANG_WARN_BOOL_CONVERSION = YES;
				CLANG_WARN_COMMA = YES;
				CLANG_WARN_CONSTANT_CONVERSION = YES;
				CLANG_WARN_DEPRECATED_OBJC_IMPLEMENTATIONS = YES;
				CLANG_WARN_DIRECT_OBJC_ISA_USAGE = YES_ERROR;
				CLANG_WARN_DOCUMENTATION_COMMENTS = YES;
				CLANG_WARN_EMPTY_BODY = YES;
				CLANG_WARN_ENUM_CONVERSION = YES;
				CLANG_WARN_INFINITE_RECURSION = YES;
				CLANG_WARN_INT_CONVERSION = YES;
				CLANG_WARN_NON_LITERAL_NULL_CONVERSION = YES;
				CLANG_WARN_OBJC_IMPLICIT_RETAIN_SELF = YES;
				CLANG_WARN_OBJC_LITERAL_CONVERSION = YES;
				CLANG_WARN_OBJC_ROOT_CLASS = YES_ERROR;
				CLANG_WARN_RANGE_LOOP_ANALYSIS = YES;
				CLANG_WARN_STRICT_PROTOTYPES = YES;
				CLANG_WARN_SUSPICIOUS_MOVE = YES;
				CLANG_WARN_UNGUARDED_AVAILABILITY = YES_AGGRESSIVE;
				CLANG_WARN_UNREACHABLE_CODE = YES;
				CLANG_WARN__DUPLICATE_METHOD_MATCH = YES;
				CODE_SIGN_IDENTITY = "iPhone Developer";
				COPY_PHASE_STRIP = NO;
				DEBUG_INFORMATION_FORMAT = "dwarf-with-dsym";
				ENABLE_NS_ASSERTIONS = NO;
				ENABLE_STRICT_OBJC_MSGSEND = YES;
				GCC_C_LANGUAGE_STANDARD = gnu11;
				GCC_NO_COMMON_BLOCKS = YES;
				GCC_WARN_64_TO_32_BIT_CONVERSION = YES;
				GCC_WARN_ABOUT_RETURN_TYPE = YES_ERROR;
				GCC_WARN_UNDECLARED_SELECTOR = YES;
				GCC_WARN_UNINITIALIZED_AUTOS = YES_AGGRESSIVE;
				GCC_WARN_UNUSED_FUNCTION = YES;
				GCC_WARN_UNUSED_VARIABLE = YES;
				IPHONEOS_DEPLOYMENT_TARGET = 12.1;
				MTL_ENABLE_DEBUG_INFO = NO;
				MTL_FAST_MATH = YES;
				SDKROOT = iphoneos;
				SWIFT_COMPILATION_MODE = wholemodule;
				SWIFT_OPTIMIZATION_LEVEL = "-O";
				VALIDATE_PRODUCT = YES;
			};
			name = Release;
		};
		8BC74BD721C618BC0091F2DC /* Debug */ = {
			isa = XCBuildConfiguration;
			buildSettings = {
				ASSETCATALOG_COMPILER_APPICON_NAME = AppIcon;
				CODE_SIGN_STYLE = Automatic;
				DEVELOPMENT_TEAM = ZZ7FUS4T92;
				INFOPLIST_FILE = "Advance Core Data/Info.plist";
				LD_RUNPATH_SEARCH_PATHS = (
					"$(inherited)",
					"@executable_path/Frameworks",
				);
				PRODUCT_BUNDLE_IDENTIFIER = "Dhawal-Mahajan.Advance-Core-Data";
				PRODUCT_NAME = "$(TARGET_NAME)";
				SWIFT_VERSION = 4.2;
				TARGETED_DEVICE_FAMILY = "1,2";
			};
			name = Debug;
		};
		8BC74BD821C618BC0091F2DC /* Release */ = {
			isa = XCBuildConfiguration;
			buildSettings = {
				ASSETCATALOG_COMPILER_APPICON_NAME = AppIcon;
				CODE_SIGN_STYLE = Automatic;
				DEVELOPMENT_TEAM = ZZ7FUS4T92;
				INFOPLIST_FILE = "Advance Core Data/Info.plist";
				LD_RUNPATH_SEARCH_PATHS = (
					"$(inherited)",
					"@executable_path/Frameworks",
				);
				PRODUCT_BUNDLE_IDENTIFIER = "Dhawal-Mahajan.Advance-Core-Data";
				PRODUCT_NAME = "$(TARGET_NAME)";
				SWIFT_VERSION = 4.2;
				TARGETED_DEVICE_FAMILY = "1,2";
			};
			name = Release;
		};
/* End XCBuildConfiguration section */

/* Begin XCConfigurationList section */
		8BC74BBF21C618B90091F2DC /* Build configuration list for PBXProject "Advance Core Data" */ = {
			isa = XCConfigurationList;
			buildConfigurations = (
				8BC74BD421C618BC0091F2DC /* Debug */,
				8BC74BD521C618BC0091F2DC /* Release */,
			);
			defaultConfigurationIsVisible = 0;
			defaultConfigurationName = Release;
		};
		8BC74BD621C618BC0091F2DC /* Build configuration list for PBXNativeTarget "Advance Core Data" */ = {
			isa = XCConfigurationList;
			buildConfigurations = (
				8BC74BD721C618BC0091F2DC /* Debug */,
				8BC74BD821C618BC0091F2DC /* Release */,
			);
			defaultConfigurationIsVisible = 0;
			defaultConfigurationName = Release;
		};
/* End XCConfigurationList section */

/* Begin XCVersionGroup section */
		8BC74BE421C633AD0091F2DC /* Todos.xcdatamodeld */ = {
			isa = XCVersionGroup;
			children = (
				8BC74BE521C633AD0091F2DC /* Todos.xcdatamodel */,
			);
			currentVersion = 8BC74BE521C633AD0091F2DC /* Todos.xcdatamodel */;
			path = Todos.xcdatamodeld;
			sourceTree = "<group>";
			versionGroupType = wrapper.xcdatamodel;
		};
/* End XCVersionGroup section */
	};
	rootObject = 8BC74BBC21C618B90091F2DC /* Project object */;
}
